
Microsoft Visual Studio Solution File, Format Version 12.00
# Visual Studio Version 17
VisualStudioVersion = 17.9.34723.18
MinimumVisualStudioVersion = 10.0.40219.1
Project("{FAE04EC0-301F-11D3-BF4B-00C04F79EFBC}") = "22_03", "22_03.csproj", "{53A8E226-9D1B-4DC8-B982-98386959F21F}"
EndProject
Global
	GlobalSection(SolutionConfigurationPlatforms) = preSolution
		Debug|Any CPU = Debug|Any CPU
		Release|Any CPU = Release|Any CPU
	EndGlobalSection
	GlobalSection(ProjectConfigurationPlatforms) = postSolution
		{53A8E226-9D1B-4DC8-B982-98386959F21F}.Debug|Any CPU.ActiveCfg = Debug|Any CPU
		{53A8E226-9D1B-4DC8-B982-98386959F21F}.Debug|Any CPU.Build.0 = Debug|Any CPU
		{53A8E226-9D1B-4DC8-B982-98386959F21F}.Release|Any CPU.ActiveCfg = Release|Any CPU
		{53A8E226-9D1B-4DC8-B982-98386959F21F}.Release|Any CPU.Build.0 = Release|Any CPU
	EndGlobalSection
	GlobalSection(SolutionProperties) = preSolution
		HideSolutionNode = FALSE
	EndGlobalSection
	GlobalSection(ExtensibilityGlobals) = postSolution
		SolutionGuid = {09BEC798-D18C-44ED-9CE5-E43E530185D3}
	EndGlobalSection
EndGlobal
